
Microsoft Visual Studio Solution File, Format Version 12.00
Project("{FAE04EC0-301F-11D3-BF4B-00C04F79EFBC}") = "BytexDigital.Blazor.Components.GoogleAnalytics", "BytexDigital.Blazor.Components.GoogleAnalytics\BytexDigital.Blazor.Components.GoogleAnalytics.csproj", "{AF1F130A-576B-4673-9E5D-C0987AD763D3}"
EndProject
Global
	GlobalSection(SolutionConfigurationPlatforms) = preSolution
		Debug|Any CPU = Debug|Any CPU
		Release|Any CPU = Release|Any CPU
	EndGlobalSection
	GlobalSection(ProjectConfigurationPlatforms) = postSolution
		{AF1F130A-576B-4673-9E5D-C0987AD763D3}.Debug|Any CPU.ActiveCfg = Debug|Any CPU
		{AF1F130A-576B-4673-9E5D-C0987AD763D3}.Debug|Any CPU.Build.0 = Debug|Any CPU
		{AF1F130A-576B-4673-9E5D-C0987AD763D3}.Release|Any CPU.ActiveCfg = Release|Any CPU
		{AF1F130A-576B-4673-9E5D-C0987AD763D3}.Release|Any CPU.Build.0 = Release|Any CPU
	EndGlobalSection
EndGlobal
